
Microsoft Visual Studio Solution File, Format Version 12.00
# Visual Studio Version 17
VisualStudioVersion = 17.1.32228.430
MinimumVisualStudioVersion = 10.0.40219.1
Project("{9A19103F-16F7-4668-BE54-9A1E7A4F7556}") = "EmailSender", "EmailSender\EmailSender.csproj", "{E2EE9193-3FE2-43AB-9AEE-FAD00F967839}"
	ProjectSection(ProjectDependencies) = postProject
		{CFC5DA64-2E58-46CC-AD89-7F78EF2B8C5A} = {CFC5DA64-2E58-46CC-AD89-7F78EF2B8C5A}
	EndProjectSection
EndProject
Project("{9A19103F-16F7-4668-BE54-9A1E7A4F7556}") = "AzureServices", "AzureServices\AzureServices.csproj", "{CFC5DA64-2E58-46CC-AD89-7F78EF2B8C5A}"
EndProject
Project("{9A19103F-16F7-4668-BE54-9A1E7A4F7556}") = "APIInformationRetriever", "APIInformationRetriever\APIInformationRetriever.csproj", "{C07D5260-0FEA-4788-9566-E7C3524CC9BF}"
EndProject
Project("{9A19103F-16F7-4668-BE54-9A1E7A4F7556}") = "FileWritter", "FileWritter\FileWritter.csproj", "{E08DCF3C-B1FC-4E37-98AC-507527B24444}"
EndProject
Global
	GlobalSection(SolutionConfigurationPlatforms) = preSolution
		Debug|Any CPU = Debug|Any CPU
		Release|Any CPU = Release|Any CPU
	EndGlobalSection
	GlobalSection(ProjectConfigurationPlatforms) = postSolution
		{E2EE9193-3FE2-43AB-9AEE-FAD00F967839}.Debug|Any CPU.ActiveCfg = Debug|Any CPU
		{E2EE9193-3FE2-43AB-9AEE-FAD00F967839}.Debug|Any CPU.Build.0 = Debug|Any CPU
		{E2EE9193-3FE2-43AB-9AEE-FAD00F967839}.Release|Any CPU.ActiveCfg = Release|Any CPU
		{E2EE9193-3FE2-43AB-9AEE-FAD00F967839}.Release|Any CPU.Build.0 = Release|Any CPU
		{CFC5DA64-2E58-46CC-AD89-7F78EF2B8C5A}.Debug|Any CPU.ActiveCfg = Debug|Any CPU
		{CFC5DA64-2E58-46CC-AD89-7F78EF2B8C5A}.Debug|Any CPU.Build.0 = Debug|Any CPU
		{CFC5DA64-2E58-46CC-AD89-7F78EF2B8C5A}.Release|Any CPU.ActiveCfg = Release|Any CPU
		{CFC5DA64-2E58-46CC-AD89-7F78EF2B8C5A}.Release|Any CPU.Build.0 = Release|Any CPU
		{C07D5260-0FEA-4788-9566-E7C3524CC9BF}.Debug|Any CPU.ActiveCfg = Debug|Any CPU
		{C07D5260-0FEA-4788-9566-E7C3524CC9BF}.Debug|Any CPU.Build.0 = Debug|Any CPU
		{C07D5260-0FEA-4788-9566-E7C3524CC9BF}.Release|Any CPU.ActiveCfg = Release|Any CPU
		{C07D5260-0FEA-4788-9566-E7C3524CC9BF}.Release|Any CPU.Build.0 = Release|Any CPU
		{E08DCF3C-B1FC-4E37-98AC-507527B24444}.Debug|Any CPU.ActiveCfg = Debug|Any CPU
		{E08DCF3C-B1FC-4E37-98AC-507527B24444}.Debug|Any CPU.Build.0 = Debug|Any CPU
		{E08DCF3C-B1FC-4E37-98AC-507527B24444}.Release|Any CPU.ActiveCfg = Release|Any CPU
		{E08DCF3C-B1FC-4E37-98AC-507527B24444}.Release|Any CPU.Build.0 = Release|Any CPU
	EndGlobalSection
	GlobalSection(SolutionProperties) = preSolution
		HideSolutionNode = FALSE
	EndGlobalSection
	GlobalSection(ExtensibilityGlobals) = postSolution
		SolutionGuid = {FF15C483-208E-4B1E-8358-667B87B424D9}
	EndGlobalSection
EndGlobal
